// !$*UTF8*$!
{
	archiveVersion = 1;
	classes = {
	};
	objectVersion = 46;
	objects = {

/* Begin PBXBuildFile section */
		F34B5F2B17F048B400B97113 /* Images.xcassets in Resources */ = {isa = PBXBuildFile; fileRef = F34B5F2A17F048B400B97113 /* Images.xcassets */; };
		F3A7ED4B159546800094D086 /* BDDynamicGridCell.m in Sources */ = {isa = PBXBuildFile; fileRef = F3A7ED4A159546800094D086 /* BDDynamicGridCell.m */; };
		F3A7ED4F159555ED0094D086 /* BDRowInfo.m in Sources */ = {isa = PBXBuildFile; fileRef = F3A7ED4E159555ED0094D086 /* BDRowInfo.m */; };
		F3B7DF60159362AC00FF920B /* BDViewController+Private.m in Sources */ = {isa = PBXBuildFile; fileRef = F3B7DF5F159362AC00FF920B /* BDViewController+Private.m */; };
		F3D84A801593E8B900633ECD /* 1.jpg in Resources */ = {isa = PBXBuildFile; fileRef = F3D84A671593E8B900633ECD /* 1.jpg */; };
		F3D84A811593E8B900633ECD /* 2.jpg in Resources */ = {isa = PBXBuildFile; fileRef = F3D84A681593E8B900633ECD /* 2.jpg */; };
		F3D84A821593E8B900633ECD /* 3.jpg in Resources */ = {isa = PBXBuildFile; fileRef = F3D84A691593E8B900633ECD /* 3.jpg */; };
		F3D84A831593E8B900633ECD /* 4.jpg in Resources */ = {isa = PBXBuildFile; fileRef = F3D84A6A1593E8B900633ECD /* 4.jpg */; };
		F3D84A841593E8B900633ECD /* 5.jpg in Resources */ = {isa = PBXBuildFile; fileRef = F3D84A6B1593E8B900633ECD /* 5.jpg */; };
		F3D84A851593E8B900633ECD /* 6.jpg in Resources */ = {isa = PBXBuildFile; fileRef = F3D84A6C1593E8B900633ECD /* 6.jpg */; };
		F3D84A861593E8B900633ECD /* 7.jpg in Resources */ = {isa = PBXBuildFile; fileRef = F3D84A6D1593E8B900633ECD /* 7.jpg */; };
		F3D84A871593E8B900633ECD /* 8.jpg in Resources */ = {isa = PBXBuildFile; fileRef = F3D84A6E1593E8B900633ECD /* 8.jpg */; };
		F3D84A881593E8B900633ECD /* 9.jpg in Resources */ = {isa = PBXBuildFile; fileRef = F3D84A6F1593E8B900633ECD /* 9.jpg */; };
		F3D84A891593E8B900633ECD /* 10.jpg in Resources */ = {isa = PBXBuildFile; fileRef = F3D84A701593E8B900633ECD /* 10.jpg */; };
		F3D84A8A1593E8B900633ECD /* 11.jpg in Resources */ = {isa = PBXBuildFile; fileRef = F3D84A711593E8B900633ECD /* 11.jpg */; };
		F3D84A8B1593E8B900633ECD /* 12.jpg in Resources */ = {isa = PBXBuildFile; fileRef = F3D84A721593E8B900633ECD /* 12.jpg */; };
		F3D84A8C1593E8B900633ECD /* 13.jpg in Resources */ = {isa = PBXBuildFile; fileRef = F3D84A731593E8B900633ECD /* 13.jpg */; };
		F3D84A8D1593E8B900633ECD /* 14.jpg in Resources */ = {isa = PBXBuildFile; fileRef = F3D84A741593E8B900633ECD /* 14.jpg */; };
		F3D84A8E1593E8B900633ECD /* 15.jpg in Resources */ = {isa = PBXBuildFile; fileRef = F3D84A751593E8B900633ECD /* 15.jpg */; };
		F3D84A8F1593E8B900633ECD /* 16.jpg in Resources */ = {isa = PBXBuildFile; fileRef = F3D84A761593E8B900633ECD /* 16.jpg */; };
		F3D84A901593E8B900633ECD /* 17.jpg in Resources */ = {isa = PBXBuildFile; fileRef = F3D84A771593E8B900633ECD /* 17.jpg */; };
		F3D84A911593E8B900633ECD /* 18.jpg in Resources */ = {isa = PBXBuildFile; fileRef = F3D84A781593E8B900633ECD /* 18.jpg */; };
		F3D84A921593E8B900633ECD /* 19.jpg in Resources */ = {isa = PBXBuildFile; fileRef = F3D84A791593E8B900633ECD /* 19.jpg */; };
		F3D84A931593E8B900633ECD /* 20.jpg in Resources */ = {isa = PBXBuildFile; fileRef = F3D84A7A1593E8B900633ECD /* 20.jpg */; };
		F3D84A941593E8B900633ECD /* 21.jpg in Resources */ = {isa = PBXBuildFile; fileRef = F3D84A7B1593E8B900633ECD /* 21.jpg */; };
		F3D84A951593E8B900633ECD /* 22.jpg in Resources */ = {isa = PBXBuildFile; fileRef = F3D84A7C1593E8B900633ECD /* 22.jpg */; };
		F3D84A961593E8B900633ECD /* 23.jpg in Resources */ = {isa = PBXBuildFile; fileRef = F3D84A7D1593E8B900633ECD /* 23.jpg */; };
		F3D84A971593E8B900633ECD /* 24.jpg in Resources */ = {isa = PBXBuildFile; fileRef = F3D84A7E1593E8B900633ECD /* 24.jpg */; };
		F3D84A981593E8B900633ECD /* 25.jpg in Resources */ = {isa = PBXBuildFile; fileRef = F3D84A7F1593E8B900633ECD /* 25.jpg */; };
		FF1CCA5115942E7100745F68 /* LICENSE in Resources */ = {isa = PBXBuildFile; fileRef = FF1CCA4F15942E7100745F68 /* LICENSE */; };
		FF1CCA5215942E7100745F68 /* README.md in Resources */ = {isa = PBXBuildFile; fileRef = FF1CCA5015942E7100745F68 /* README.md */; };
		FF52D5CD15946A490037D45B /* placeholder.png in Resources */ = {isa = PBXBuildFile; fileRef = FF52D5CC15946A490037D45B /* placeholder.png */; };
		FF52D5F21594862B0037D45B /* BDDynamicGridViewController.m in Sources */ = {isa = PBXBuildFile; fileRef = FF52D5F01594862B0037D45B /* BDDynamicGridViewController.m */; };
		FF5D5FE8159310FE00984C2F /* UIKit.framework in Frameworks */ = {isa = PBXBuildFile; fileRef = FF5D5FE7159310FE00984C2F /* UIKit.framework */; };
		FF5D5FEA159310FE00984C2F /* Foundation.framework in Frameworks */ = {isa = PBXBuildFile; fileRef = FF5D5FE9159310FE00984C2F /* Foundation.framework */; };
		FF5D5FEC159310FE00984C2F /* CoreGraphics.framework in Frameworks */ = {isa = PBXBuildFile; fileRef = FF5D5FEB159310FE00984C2F /* CoreGraphics.framework */; };
		FF5D5FF2159310FE00984C2F /* InfoPlist.strings in Resources */ = {isa = PBXBuildFile; fileRef = FF5D5FF0159310FE00984C2F /* InfoPlist.strings */; };
		FF5D5FF4159310FE00984C2F /* main.m in Sources */ = {isa = PBXBuildFile; fileRef = FF5D5FF3159310FE00984C2F /* main.m */; };
		FF5D5FF8159310FE00984C2F /* BDAppDelegate.m in Sources */ = {isa = PBXBuildFile; fileRef = FF5D5FF7159310FE00984C2F /* BDAppDelegate.m */; };
		FF5D5FFB159310FE00984C2F /* BDViewController.m in Sources */ = {isa = PBXBuildFile; fileRef = FF5D5FFA159310FE00984C2F /* BDViewController.m */; };
/* End PBXBuildFile section */

/* Begin PBXFileReference section */
		F34B5F2A17F048B400B97113 /* Images.xcassets */ = {isa = PBXFileReference; lastKnownFileType = folder.assetcatalog; path = Images.xcassets; sourceTree = "<group>"; };
		F3A7ED49159546800094D086 /* BDDynamicGridCell.h */ = {isa = PBXFileReference; fileEncoding = 4; lastKnownFileType = sourcecode.c.h; path = BDDynamicGridCell.h; sourceTree = "<group>"; };
		F3A7ED4A159546800094D086 /* BDDynamicGridCell.m */ = {isa = PBXFileReference; fileEncoding = 4; lastKnownFileType = sourcecode.c.objc; path = BDDynamicGridCell.m; sourceTree = "<group>"; };
		F3A7ED4D159555ED0094D086 /* BDRowInfo.h */ = {isa = PBXFileReference; fileEncoding = 4; lastKnownFileType = sourcecode.c.h; path = BDRowInfo.h; sourceTree = "<group>"; };
		F3A7ED4E159555ED0094D086 /* BDRowInfo.m */ = {isa = PBXFileReference; fileEncoding = 4; lastKnownFileType = sourcecode.c.objc; path = BDRowInfo.m; sourceTree = "<group>"; };
		F3B7DF5E159362AC00FF920B /* BDViewController+Private.h */ = {isa = PBXFileReference; fileEncoding = 4; lastKnownFileType = sourcecode.c.h; path = "BDViewController+Private.h"; sourceTree = "<group>"; };
		F3B7DF5F159362AC00FF920B /* BDViewController+Private.m */ = {isa = PBXFileReference; fileEncoding = 4; lastKnownFileType = sourcecode.c.objc; path = "BDViewController+Private.m"; sourceTree = "<group>"; };
		F3D84A671593E8B900633ECD /* 1.jpg */ = {isa = PBXFileReference; lastKnownFileType = image.jpeg; name = 1.jpg; path = images/1.jpg; sourceTree = "<group>"; };
		F3D84A681593E8B900633ECD /* 2.jpg */ = {isa = PBXFileReference; lastKnownFileType = image.jpeg; name = 2.jpg; path = images/2.jpg; sourceTree = "<group>"; };
		F3D84A691593E8B900633ECD /* 3.jpg */ = {isa = PBXFileReference; lastKnownFileType = image.jpeg; name = 3.jpg; path = images/3.jpg; sourceTree = "<group>"; };
		F3D84A6A1593E8B900633ECD /* 4.jpg */ = {isa = PBXFileReference; lastKnownFileType = image.jpeg; name = 4.jpg; path = images/4.jpg; sourceTree = "<group>"; };
		F3D84A6B1593E8B900633ECD /* 5.jpg */ = {isa = PBXFileReference; lastKnownFileType = image.jpeg; name = 5.jpg; path = images/5.jpg; sourceTree = "<group>"; };
		F3D84A6C1593E8B900633ECD /* 6.jpg */ = {isa = PBXFileReference; lastKnownFileType = image.jpeg; name = 6.jpg; path = images/6.jpg; sourceTree = "<group>"; };
		F3D84A6D1593E8B900633ECD /* 7.jpg */ = {isa = PBXFileReference; lastKnownFileType = image.jpeg; name = 7.jpg; path = images/7.jpg; sourceTree = "<group>"; };
		F3D84A6E1593E8B900633ECD /* 8.jpg */ = {isa = PBXFileReference; lastKnownFileType = image.jpeg; name = 8.jpg; path = images/8.jpg; sourceTree = "<group>"; };
		F3D84A6F1593E8B900633ECD /* 9.jpg */ = {isa = PBXFileReference; lastKnownFileType = image.jpeg; name = 9.jpg; path = images/9.jpg; sourceTree = "<group>"; };
		F3D84A701593E8B900633ECD /* 10.jpg */ = {isa = PBXFileReference; lastKnownFileType = image.jpeg; name = 10.jpg; path = images/10.jpg; sourceTree = "<group>"; };
		F3D84A711593E8B900633ECD /* 11.jpg */ = {isa = PBXFileReference; lastKnownFileType = image.jpeg; name = 11.jpg; path = images/11.jpg; sourceTree = "<group>"; };
		F3D84A721593E8B900633ECD /* 12.jpg */ = {isa = PBXFileReference; lastKnownFileType = image.jpeg; name = 12.jpg; path = images/12.jpg; sourceTree = "<group>"; };
		F3D84A731593E8B900633ECD /* 13.jpg */ = {isa = PBXFileReference; lastKnownFileType = image.jpeg; name = 13.jpg; path = images/13.jpg; sourceTree = "<group>"; };
		F3D84A741593E8B900633ECD /* 14.jpg */ = {isa = PBXFileReference; lastKnownFileType = image.jpeg; name = 14.jpg; path = images/14.jpg; sourceTree = "<group>"; };
		F3D84A751593E8B900633ECD /* 15.jpg */ = {isa = PBXFileReference; lastKnownFileType = image.jpeg; name = 15.jpg; path = images/15.jpg; sourceTree = "<group>"; };
		F3D84A761593E8B900633ECD /* 16.jpg */ = {isa = PBXFileReference; lastKnownFileType = image.jpeg; name = 16.jpg; path = images/16.jpg; sourceTree = "<group>"; };
		F3D84A771593E8B900633ECD /* 17.jpg */ = {isa = PBXFileReference; lastKnownFileType = image.jpeg; name = 17.jpg; path = images/17.jpg; sourceTree = "<group>"; };
		F3D84A781593E8B900633ECD /* 18.jpg */ = {isa = PBXFileReference; lastKnownFileType = image.jpeg; name = 18.jpg; path = images/18.jpg; sourceTree = "<group>"; };
		F3D84A791593E8B900633ECD /* 19.jpg */ = {isa = PBXFileReference; lastKnownFileType = image.jpeg; name = 19.jpg; path = images/19.jpg; sourceTree = "<group>"; };
		F3D84A7A1593E8B900633ECD /* 20.jpg */ = {isa = PBXFileReference; lastKnownFileType = image.jpeg; name = 20.jpg; path = images/20.jpg; sourceTree = "<group>"; };
		F3D84A7B1593E8B900633ECD /* 21.jpg */ = {isa = PBXFileReference; lastKnownFileType = image.jpeg; name = 21.jpg; path = images/21.jpg; sourceTree = "<group>"; };
		F3D84A7C1593E8B900633ECD /* 22.jpg */ = {isa = PBXFileReference; lastKnownFileType = image.jpeg; name = 22.jpg; path = images/22.jpg; sourceTree = "<group>"; };
		F3D84A7D1593E8B900633ECD /* 23.jpg */ = {isa = PBXFileReference; lastKnownFileType = image.jpeg; name = 23.jpg; path = images/23.jpg; sourceTree = "<group>"; };
		F3D84A7E1593E8B900633ECD /* 24.jpg */ = {isa = PBXFileReference; lastKnownFileType = image.jpeg; name = 24.jpg; path = images/24.jpg; sourceTree = "<group>"; };
		F3D84A7F1593E8B900633ECD /* 25.jpg */ = {isa = PBXFileReference; lastKnownFileType = image.jpeg; name = 25.jpg; path = images/25.jpg; sourceTree = "<group>"; };
		FF1CCA4F15942E7100745F68 /* LICENSE */ = {isa = PBXFileReference; fileEncoding = 4; lastKnownFileType = text; path = LICENSE; sourceTree = "<group>"; };
		FF1CCA5015942E7100745F68 /* README.md */ = {isa = PBXFileReference; fileEncoding = 4; lastKnownFileType = text; path = README.md; sourceTree = "<group>"; };
		FF52D5CC15946A490037D45B /* placeholder.png */ = {isa = PBXFileReference; lastKnownFileType = image.png; name = placeholder.png; path = images/placeholder.png; sourceTree = "<group>"; };
		FF52D5E6159483BE0037D45B /* BDDynamicGridViewController.podspec */ = {isa = PBXFileReference; fileEncoding = 4; lastKnownFileType = text; path = BDDynamicGridViewController.podspec; sourceTree = "<group>"; xcLanguageSpecificationIdentifier = xcode.lang.ruby; };
		FF52D5EF1594862B0037D45B /* BDDynamicGridViewController.h */ = {isa = PBXFileReference; fileEncoding = 4; lastKnownFileType = sourcecode.c.h; path = BDDynamicGridViewController.h; sourceTree = "<group>"; };
		FF52D5F01594862B0037D45B /* BDDynamicGridViewController.m */ = {isa = PBXFileReference; fileEncoding = 4; lastKnownFileType = sourcecode.c.objc; path = BDDynamicGridViewController.m; sourceTree = "<group>"; };
		FF52D5F11594862B0037D45B /* BDDynamicGridViewDelegate.h */ = {isa = PBXFileReference; fileEncoding = 4; lastKnownFileType = sourcecode.c.h; path = BDDynamicGridViewDelegate.h; sourceTree = "<group>"; };
		FF5D5FE3159310FE00984C2F /* BDDynamicGridViewDemo.app */ = {isa = PBXFileReference; explicitFileType = wrapper.application; includeInIndex = 0; path = BDDynamicGridViewDemo.app; sourceTree = BUILT_PRODUCTS_DIR; };
		FF5D5FE7159310FE00984C2F /* UIKit.framework */ = {isa = PBXFileReference; lastKnownFileType = wrapper.framework; name = UIKit.framework; path = System/Library/Frameworks/UIKit.framework; sourceTree = SDKROOT; };
		FF5D5FE9159310FE00984C2F /* Foundation.framework */ = {isa = PBXFileReference; lastKnownFileType = wrapper.framework; name = Foundation.framework; path = System/Library/Frameworks/Foundation.framework; sourceTree = SDKROOT; };
		FF5D5FEB159310FE00984C2F /* CoreGraphics.framework */ = {isa = PBXFileReference; lastKnownFileType = wrapper.framework; name = CoreGraphics.framework; path = System/Library/Frameworks/CoreGraphics.framework; sourceTree = SDKROOT; };
		FF5D5FEF159310FE00984C2F /* BDDynamicGridViewDemo-Info.plist */ = {isa = PBXFileReference; lastKnownFileType = text.plist.xml; path = "BDDynamicGridViewDemo-Info.plist"; sourceTree = "<group>"; };
		FF5D5FF1159310FE00984C2F /* en */ = {isa = PBXFileReference; lastKnownFileType = text.plist.strings; name = en; path = en.lproj/InfoPlist.strings; sourceTree = "<group>"; };
		FF5D5FF3159310FE00984C2F /* main.m */ = {isa = PBXFileReference; lastKnownFileType = sourcecode.c.objc; path = main.m; sourceTree = "<group>"; };
		FF5D5FF5159310FE00984C2F /* BDDynamicGridViewDemo-Prefix.pch */ = {isa = PBXFileReference; lastKnownFileType = sourcecode.c.h; path = "BDDynamicGridViewDemo-Prefix.pch"; sourceTree = "<group>"; };
		FF5D5FF6159310FE00984C2F /* BDAppDelegate.h */ = {isa = PBXFileReference; lastKnownFileType = sourcecode.c.h; path = BDAppDelegate.h; sourceTree = "<group>"; };
		FF5D5FF7159310FE00984C2F /* BDAppDelegate.m */ = {isa = PBXFileReference; lastKnownFileType = sourcecode.c.objc; path = BDAppDelegate.m; sourceTree = "<group>"; };
		FF5D5FF9159310FE00984C2F /* BDViewController.h */ = {isa = PBXFileReference; lastKnownFileType = sourcecode.c.h; path = BDViewController.h; sourceTree = "<group>"; };
		FF5D5FFA159310FE00984C2F /* BDViewController.m */ = {isa = PBXFileReference; lastKnownFileType = sourcecode.c.objc; path = BDViewController.m; sourceTree = "<group>"; };
/* End PBXFileReference section */

/* Begin PBXFrameworksBuildPhase section */
		FF5D5FE0159310FE00984C2F /* Frameworks */ = {
			isa = PBXFrameworksBuildPhase;
			buildActionMask = 2147483647;
			files = (
				FF5D5FE8159310FE00984C2F /* UIKit.framework in Frameworks */,
				FF5D5FEA159310FE00984C2F /* Foundation.framework in Frameworks */,
				FF5D5FEC159310FE00984C2F /* CoreGraphics.framework in Frameworks */,
			);
			runOnlyForDeploymentPostprocessing = 0;
		};
/* End PBXFrameworksBuildPhase section */

/* Begin PBXGroup section */
		F3D84A651593E8AC00633ECD /* images */ = {
			isa = PBXGroup;
			children = (
				FF52D5CC15946A490037D45B /* placeholder.png */,
				F3D84A671593E8B900633ECD /* 1.jpg */,
				F3D84A681593E8B900633ECD /* 2.jpg */,
				F3D84A691593E8B900633ECD /* 3.jpg */,
				F3D84A6A1593E8B900633ECD /* 4.jpg */,
				F3D84A6B1593E8B900633ECD /* 5.jpg */,
				F3D84A6C1593E8B900633ECD /* 6.jpg */,
				F3D84A6D1593E8B900633ECD /* 7.jpg */,
				F3D84A6E1593E8B900633ECD /* 8.jpg */,
				F3D84A6F1593E8B900633ECD /* 9.jpg */,
				F3D84A701593E8B900633ECD /* 10.jpg */,
				F3D84A711593E8B900633ECD /* 11.jpg */,
				F3D84A721593E8B900633ECD /* 12.jpg */,
				F3D84A731593E8B900633ECD /* 13.jpg */,
				F3D84A741593E8B900633ECD /* 14.jpg */,
				F3D84A751593E8B900633ECD /* 15.jpg */,
				F3D84A761593E8B900633ECD /* 16.jpg */,
				F3D84A771593E8B900633ECD /* 17.jpg */,
				F3D84A781593E8B900633ECD /* 18.jpg */,
				F3D84A791593E8B900633ECD /* 19.jpg */,
				F3D84A7A1593E8B900633ECD /* 20.jpg */,
				F3D84A7B1593E8B900633ECD /* 21.jpg */,
				F3D84A7C1593E8B900633ECD /* 22.jpg */,
				F3D84A7D1593E8B900633ECD /* 23.jpg */,
				F3D84A7E1593E8B900633ECD /* 24.jpg */,
				F3D84A7F1593E8B900633ECD /* 25.jpg */,
			);
			name = images;
			sourceTree = "<group>";
		};
		FF52D5EE1594862B0037D45B /* Classes */ = {
			isa = PBXGroup;
			children = (
				FF52D5EF1594862B0037D45B /* BDDynamicGridViewController.h */,
				FF52D5F01594862B0037D45B /* BDDynamicGridViewController.m */,
				FF52D5F11594862B0037D45B /* BDDynamicGridViewDelegate.h */,
				F3A7ED49159546800094D086 /* BDDynamicGridCell.h */,
				F3A7ED4A159546800094D086 /* BDDynamicGridCell.m */,
				F3A7ED4D159555ED0094D086 /* BDRowInfo.h */,
				F3A7ED4E159555ED0094D086 /* BDRowInfo.m */,
			);
			path = Classes;
			sourceTree = "<group>";
		};
		FF5D5FD8159310FD00984C2F = {
			isa = PBXGroup;
			children = (
				FF52D5E6159483BE0037D45B /* BDDynamicGridViewController.podspec */,
				FF1CCA4F15942E7100745F68 /* LICENSE */,
				FF1CCA5015942E7100745F68 /* README.md */,
				FF52D5EE1594862B0037D45B /* Classes */,
				FF5D5FED159310FE00984C2F /* BDDynamicGridViewDemo */,
				FF5D5FE6159310FE00984C2F /* Frameworks */,
				FF5D5FE4159310FE00984C2F /* Products */,
			);
			sourceTree = "<group>";
		};
		FF5D5FE4159310FE00984C2F /* Products */ = {
			isa = PBXGroup;
			children = (
				FF5D5FE3159310FE00984C2F /* BDDynamicGridViewDemo.app */,
			);
			name = Products;
			sourceTree = "<group>";
		};
		FF5D5FE6159310FE00984C2F /* Frameworks */ = {
			isa = PBXGroup;
			children = (
				FF5D5FE7159310FE00984C2F /* UIKit.framework */,
				FF5D5FE9159310FE00984C2F /* Foundation.framework */,
				FF5D5FEB159310FE00984C2F /* CoreGraphics.framework */,
			);
			name = Frameworks;
			sourceTree = "<group>";
		};
		FF5D5FED159310FE00984C2F /* BDDynamicGridViewDemo */ = {
			isa = PBXGroup;
			children = (
				FF5D5FF6159310FE00984C2F /* BDAppDelegate.h */,
				FF5D5FF7159310FE00984C2F /* BDAppDelegate.m */,
				FF5D5FF9159310FE00984C2F /* BDViewController.h */,
				FF5D5FFA159310FE00984C2F /* BDViewController.m */,
				F3B7DF5E159362AC00FF920B /* BDViewController+Private.h */,
				F3B7DF5F159362AC00FF920B /* BDViewController+Private.m */,
				F34B5F2A17F048B400B97113 /* Images.xcassets */,
				FF5D5FEE159310FE00984C2F /* Supporting Files */,
			);
			path = BDDynamicGridViewDemo;
			sourceTree = "<group>";
		};
		FF5D5FEE159310FE00984C2F /* Supporting Files */ = {
			isa = PBXGroup;
			children = (
				F3D84A651593E8AC00633ECD /* images */,
				FF5D5FEF159310FE00984C2F /* BDDynamicGridViewDemo-Info.plist */,
				FF5D5FF0159310FE00984C2F /* InfoPlist.strings */,
				FF5D5FF3159310FE00984C2F /* main.m */,
				FF5D5FF5159310FE00984C2F /* BDDynamicGridViewDemo-Prefix.pch */,
			);
			name = "Supporting Files";
			sourceTree = "<group>";
		};
/* End PBXGroup section */

/* Begin PBXNativeTarget section */
		FF5D5FE2159310FE00984C2F /* BDDynamicGridViewDemo */ = {
			isa = PBXNativeTarget;
			buildConfigurationList = FF5D6001159310FE00984C2F /* Build configuration list for PBXNativeTarget "BDDynamicGridViewDemo" */;
			buildPhases = (
				FF5D5FDF159310FE00984C2F /* Sources */,
				FF5D5FE0159310FE00984C2F /* Frameworks */,
				FF5D5FE1159310FE00984C2F /* Resources */,
			);
			buildRules = (
			);
			dependencies = (
			);
			name = BDDynamicGridViewDemo;
			productName = BDDynamicGridViewDemo;
			productReference = FF5D5FE3159310FE00984C2F /* BDDynamicGridViewDemo.app */;
			productType = "com.apple.product-type.application";
		};
/* End PBXNativeTarget section */

/* Begin PBXProject section */
		FF5D5FDA159310FD00984C2F /* Project object */ = {
			isa = PBXProject;
			attributes = {
				CLASSPREFIX = BD;
				LastUpgradeCheck = 0430;
				ORGANIZATIONNAME = Bluedot;
			};
			buildConfigurationList = FF5D5FDD159310FD00984C2F /* Build configuration list for PBXProject "BDDynamicGridViewDemo" */;
			compatibilityVersion = "Xcode 3.2";
			developmentRegion = English;
			hasScannedForEncodings = 0;
			knownRegions = (
				en,
			);
			mainGroup = FF5D5FD8159310FD00984C2F;
			productRefGroup = FF5D5FE4159310FE00984C2F /* Products */;
			projectDirPath = "";
			projectRoot = "";
			targets = (
				FF5D5FE2159310FE00984C2F /* BDDynamicGridViewDemo */,
			);
		};
/* End PBXProject section */

/* Begin PBXResourcesBuildPhase section */
		FF5D5FE1159310FE00984C2F /* Resources */ = {
			isa = PBXResourcesBuildPhase;
			buildActionMask = 2147483647;
			files = (
				FF5D5FF2159310FE00984C2F /* InfoPlist.strings in Resources */,
				F3D84A801593E8B900633ECD /* 1.jpg in Resources */,
				F3D84A811593E8B900633ECD /* 2.jpg in Resources */,
				F3D84A821593E8B900633ECD /* 3.jpg in Resources */,
				F3D84A831593E8B900633ECD /* 4.jpg in Resources */,
				F34B5F2B17F048B400B97113 /* Images.xcassets in Resources */,
				F3D84A841593E8B900633ECD /* 5.jpg in Resources */,
				F3D84A851593E8B900633ECD /* 6.jpg in Resources */,
				F3D84A861593E8B900633ECD /* 7.jpg in Resources */,
				F3D84A871593E8B900633ECD /* 8.jpg in Resources */,
				F3D84A881593E8B900633ECD /* 9.jpg in Resources */,
				F3D84A891593E8B900633ECD /* 10.jpg in Resources */,
				F3D84A8A1593E8B900633ECD /* 11.jpg in Resources */,
				F3D84A8B1593E8B900633ECD /* 12.jpg in Resources */,
				F3D84A8C1593E8B900633ECD /* 13.jpg in Resources */,
				F3D84A8D1593E8B900633ECD /* 14.jpg in Resources */,
				F3D84A8E1593E8B900633ECD /* 15.jpg in Resources */,
				F3D84A8F1593E8B900633ECD /* 16.jpg in Resources */,
				F3D84A901593E8B900633ECD /* 17.jpg in Resources */,
				F3D84A911593E8B900633ECD /* 18.jpg in Resources */,
				F3D84A921593E8B900633ECD /* 19.jpg in Resources */,
				F3D84A931593E8B900633ECD /* 20.jpg in Resources */,
				F3D84A941593E8B900633ECD /* 21.jpg in Resources */,
				F3D84A951593E8B900633ECD /* 22.jpg in Resources */,
				F3D84A961593E8B900633ECD /* 23.jpg in Resources */,
				F3D84A971593E8B900633ECD /* 24.jpg in Resources */,
				F3D84A981593E8B900633ECD /* 25.jpg in Resources */,
				FF1CCA5115942E7100745F68 /* LICENSE in Resources */,
				FF1CCA5215942E7100745F68 /* README.md in Resources */,
				FF52D5CD15946A490037D45B /* placeholder.png in Resources */,
			);
			runOnlyForDeploymentPostprocessing = 0;
		};
/* End PBXResourcesBuildPhase section */

/* Begin PBXSourcesBuildPhase section */
		FF5D5FDF159310FE00984C2F /* Sources */ = {
			isa = PBXSourcesBuildPhase;
			buildActionMask = 2147483647;
			files = (
				FF5D5FF4159310FE00984C2F /* main.m in Sources */,
				FF5D5FF8159310FE00984C2F /* BDAppDelegate.m in Sources */,
				FF5D5FFB159310FE00984C2F /* BDViewController.m in Sources */,
				F3B7DF60159362AC00FF920B /* BDViewController+Private.m in Sources */,
				FF52D5F21594862B0037D45B /* BDDynamicGridViewController.m in Sources */,
				F3A7ED4B159546800094D086 /* BDDynamicGridCell.m in Sources */,
				F3A7ED4F159555ED0094D086 /* BDRowInfo.m in Sources */,
			);
			runOnlyForDeploymentPostprocessing = 0;
		};
/* End PBXSourcesBuildPhase section */

/* Begin PBXVariantGroup section */
		FF5D5FF0159310FE00984C2F /* InfoPlist.strings */ = {
			isa = PBXVariantGroup;
			children = (
				FF5D5FF1159310FE00984C2F /* en */,
			);
			name = InfoPlist.strings;
			sourceTree = "<group>";
		};
/* End PBXVariantGroup section */

/* Begin XCBuildConfiguration section */
		FF5D5FFF159310FE00984C2F /* Debug */ = {
			isa = XCBuildConfiguration;
			buildSettings = {
				ALWAYS_SEARCH_USER_PATHS = NO;
				ARCHS = "$(ARCHS_STANDARD_32_BIT)";
				CLANG_ENABLE_OBJC_ARC = YES;
				"CODE_SIGN_IDENTITY[sdk=iphoneos*]" = "iPhone Developer";
				COPY_PHASE_STRIP = NO;
				GCC_C_LANGUAGE_STANDARD = gnu99;
				GCC_DYNAMIC_NO_PIC = NO;
				GCC_OPTIMIZATION_LEVEL = 0;
				GCC_PREPROCESSOR_DEFINITIONS = (
					"DEBUG=1",
					"$(inherited)",
				);
				GCC_SYMBOLS_PRIVATE_EXTERN = NO;
				GCC_VERSION = com.apple.compilers.llvm.clang.1_0;
				GCC_WARN_ABOUT_RETURN_TYPE = YES;
				GCC_WARN_UNINITIALIZED_AUTOS = YES;
				GCC_WARN_UNUSED_VARIABLE = YES;
				IPHONEOS_DEPLOYMENT_TARGET = 5.1;
				SDKROOT = iphoneos;
			};
			name = Debug;
		};
		FF5D6000159310FE00984C2F /* Release */ = {
			isa = XCBuildConfiguration;
			buildSettings = {
				ALWAYS_SEARCH_USER_PATHS = NO;
				ARCHS = "$(ARCHS_STANDARD_32_BIT)";
				CLANG_ENABLE_OBJC_ARC = YES;
				"CODE_SIGN_IDENTITY[sdk=iphoneos*]" = "iPhone Developer";
				COPY_PHASE_STRIP = YES;
				GCC_C_LANGUAGE_STANDARD = gnu99;
				GCC_VERSION = com.apple.compilers.llvm.clang.1_0;
				GCC_WARN_ABOUT_RETURN_TYPE = YES;
				GCC_WARN_UNINITIALIZED_AUTOS = YES;
				GCC_WARN_UNUSED_VARIABLE = YES;
				IPHONEOS_DEPLOYMENT_TARGET = 5.1;
				OTHER_CFLAGS = "-DNS_BLOCK_ASSERTIONS=1";
				SDKROOT = iphoneos;
				VALIDATE_PRODUCT = YES;
			};
			name = Release;
		};
		FF5D6002159310FE00984C2F /* Debug */ = {
			isa = XCBuildConfiguration;
			buildSettings = {
				ASSETCATALOG_COMPILER_APPICON_NAME = AppIcon;
				ASSETCATALOG_COMPILER_LAUNCHIMAGE_NAME = LaunchImage;
				GCC_PRECOMPILE_PREFIX_HEADER = YES;
				GCC_PREFIX_HEADER = "BDDynamicGridViewDemo/BDDynamicGridViewDemo-Prefix.pch";
				INFOPLIST_FILE = "BDDynamicGridViewDemo/BDDynamicGridViewDemo-Info.plist";
				PRODUCT_NAME = "$(TARGET_NAME)";
				WRAPPER_EXTENSION = app;
			};
			name = Debug;
		};
		FF5D6003159310FE00984C2F /* Release */ = {
			isa = XCBuildConfiguration;
			buildSettings = {
				ASSETCATALOG_COMPILER_APPICON_NAME = AppIcon;
				ASSETCATALOG_COMPILER_LAUNCHIMAGE_NAME = LaunchImage;
				GCC_PRECOMPILE_PREFIX_HEADER = YES;
				GCC_PREFIX_HEADER = "BDDynamicGridViewDemo/BDDynamicGridViewDemo-Prefix.pch";
				INFOPLIST_FILE = "BDDynamicGridViewDemo/BDDynamicGridViewDemo-Info.plist";
				PRODUCT_NAME = "$(TARGET_NAME)";
				WRAPPER_EXTENSION = app;
			};
			name = Release;
		};
/* End XCBuildConfiguration section */

/* Begin XCConfigurationList section */
		FF5D5FDD159310FD00984C2F /* Build configuration list for PBXProject "BDDynamicGridViewDemo" */ = {
			isa = XCConfigurationList;
			buildConfigurations = (
				FF5D5FFF159310FE00984C2F /* Debug */,
				FF5D6000159310FE00984C2F /* Release */,
			);
			defaultConfigurationIsVisible = 0;
			defaultConfigurationName = Release;
		};
		FF5D6001159310FE00984C2F /* Build configuration list for PBXNativeTarget "BDDynamicGridViewDemo" */ = {
			isa = XCConfigurationList;
			buildConfigurations = (
				FF5D6002159310FE00984C2F /* Debug */,
				FF5D6003159310FE00984C2F /* Release */,
			);
			defaultConfigurationIsVisible = 0;
			defaultConfigurationName = Release;
		};
/* End XCConfigurationList section */
	};
	rootObject = FF5D5FDA159310FD00984C2F /* Project object */;
}
